
Microsoft Visual Studio Solution File, Format Version 10.00
# Visual Studio 2008
Project("{FAE04EC0-301F-11D3-BF4B-00C04F79EFBC}") = "ShotLife", "ShotLife\ShotLife.csproj", "{0DD7C8EE-536D-41A3-BDA3-CB56679E8A9F}"
EndProject
Global
	GlobalSection(SolutionConfigurationPlatforms) = preSolution
		Debug|Any CPU = Debug|Any CPU
		Release|Any CPU = Release|Any CPU
	EndGlobalSection
	GlobalSection(ProjectConfigurationPlatforms) = postSolution
		{0DD7C8EE-536D-41A3-BDA3-CB56679E8A9F}.Debug|Any CPU.ActiveCfg = Debug|Any CPU
		{0DD7C8EE-536D-41A3-BDA3-CB56679E8A9F}.Debug|Any CPU.Build.0 = Debug|Any CPU
		{0DD7C8EE-536D-41A3-BDA3-CB56679E8A9F}.Release|Any CPU.ActiveCfg = Release|Any CPU
		{0DD7C8EE-536D-41A3-BDA3-CB56679E8A9F}.Release|Any CPU.Build.0 = Release|Any CPU
	EndGlobalSection
	GlobalSection(SolutionProperties) = preSolution
		HideSolutionNode = FALSE
	EndGlobalSection
EndGlobal
